
Microsoft Visual Studio Solution File, Format Version 12.00
# Visual Studio 15
VisualStudioVersion = 15.0.27428.2015
MinimumVisualStudioVersion = 10.0.40219.1
Project("{FAE04EC0-301F-11D3-BF4B-00C04F79EFBC}") = "Ex03.GarageLogic", "Ex03.GarageLogic\Ex03.GarageLogic.csproj", "{2B5EAB35-ED71-48CF-9540-F2DBDAADB1A0}"
EndProject
Project("{FAE04EC0-301F-11D3-BF4B-00C04F79EFBC}") = "Ex03.ConsoleUI", "Ex03.ConsoleUI\Ex03.ConsoleUI.csproj", "{AEE147A0-281C-46CB-ADD3-A1C9CDCFED9C}"
EndProject
Project("{2150E333-8FDC-42A3-9474-1A3956D46DE8}") = "Solution Items", "Solution Items", "{58DBBCF1-374B-436E-93FA-5B51B7B629C2}"
	ProjectSection(SolutionItems) = preProject
		B18 Ex03 David 204185805 Ofir 204270953.docx = B18 Ex03 David 204185805 Ofir 204270953.docx
		Exercise Checking Report.txt = Exercise Checking Report.txt
	EndProjectSection
EndProject
Global
	GlobalSection(SolutionConfigurationPlatforms) = preSolution
		Debug|Any CPU = Debug|Any CPU
		Release|Any CPU = Release|Any CPU
	EndGlobalSection
	GlobalSection(ProjectConfigurationPlatforms) = postSolution
		{2B5EAB35-ED71-48CF-9540-F2DBDAADB1A0}.Debug|Any CPU.ActiveCfg = Debug|Any CPU
		{2B5EAB35-ED71-48CF-9540-F2DBDAADB1A0}.Debug|Any CPU.Build.0 = Debug|Any CPU
		{2B5EAB35-ED71-48CF-9540-F2DBDAADB1A0}.Release|Any CPU.ActiveCfg = Release|Any CPU
		{2B5EAB35-ED71-48CF-9540-F2DBDAADB1A0}.Release|Any CPU.Build.0 = Release|Any CPU
		{AEE147A0-281C-46CB-ADD3-A1C9CDCFED9C}.Debug|Any CPU.ActiveCfg = Debug|Any CPU
		{AEE147A0-281C-46CB-ADD3-A1C9CDCFED9C}.Debug|Any CPU.Build.0 = Debug|Any CPU
		{AEE147A0-281C-46CB-ADD3-A1C9CDCFED9C}.Release|Any CPU.ActiveCfg = Release|Any CPU
		{AEE147A0-281C-46CB-ADD3-A1C9CDCFED9C}.Release|Any CPU.Build.0 = Release|Any CPU
	EndGlobalSection
	GlobalSection(SolutionProperties) = preSolution
		HideSolutionNode = FALSE
	EndGlobalSection
	GlobalSection(ExtensibilityGlobals) = postSolution
		SolutionGuid = {E5340E0E-056F-43E8-B05F-962B31C5BCC2}
	EndGlobalSection
EndGlobal
